
Microsoft Visual Studio Solution File, Format Version 12.00
# Visual Studio 15
VisualStudioVersion = 15.0.28307.271
MinimumVisualStudioVersion = 10.0.40219.1
Project("{E24C65DC-7377-472B-9ABA-BC803B73C61A}") = "ACMEBank", ".", "{CD7FED59-6135-49AA-B9C2-9A7F6BAEE1DE}"
	ProjectSection(WebsiteProperties) = preProject
		TargetFrameworkMoniker = ".NETFramework,Version%3Dv4.0"
		Debug.AspNetCompiler.VirtualPath = "/localhost_56390"
		Debug.AspNetCompiler.PhysicalPath = "..\ACMEBank\"
		Debug.AspNetCompiler.TargetPath = "PrecompiledWeb\localhost_56390\"
		Debug.AspNetCompiler.Updateable = "true"
		Debug.AspNetCompiler.ForceOverwrite = "true"
		Debug.AspNetCompiler.FixedNames = "false"
		Debug.AspNetCompiler.Debug = "True"
		Release.AspNetCompiler.VirtualPath = "/localhost_56390"
		Release.AspNetCompiler.PhysicalPath = "..\ACMEBank\"
		Release.AspNetCompiler.TargetPath = "PrecompiledWeb\localhost_56390\"
		Release.AspNetCompiler.Updateable = "true"
		Release.AspNetCompiler.ForceOverwrite = "true"
		Release.AspNetCompiler.FixedNames = "false"
		Release.AspNetCompiler.Debug = "False"
		VWDPort = "56390"
		SlnRelativePath = "..\ACMEBank\"
	EndProjectSection
EndProject
Global
	GlobalSection(SolutionConfigurationPlatforms) = preSolution
		Debug|Any CPU = Debug|Any CPU
	EndGlobalSection
	GlobalSection(ProjectConfigurationPlatforms) = postSolution
		{CD7FED59-6135-49AA-B9C2-9A7F6BAEE1DE}.Debug|Any CPU.ActiveCfg = Debug|Any CPU
		{CD7FED59-6135-49AA-B9C2-9A7F6BAEE1DE}.Debug|Any CPU.Build.0 = Debug|Any CPU
	EndGlobalSection
	GlobalSection(SolutionProperties) = preSolution
		HideSolutionNode = FALSE
	EndGlobalSection
	GlobalSection(ExtensibilityGlobals) = postSolution
		SolutionGuid = {4E05F5E7-7C7A-4AC2-B300-97499E4EBFCB}
	EndGlobalSection
EndGlobal
